
Microsoft Visual Studio Solution File, Format Version 12.00
# Visual Studio Version 17
VisualStudioVersion = 17.5.33530.505
MinimumVisualStudioVersion = 10.0.40219.1
Project("{9A19103F-16F7-4668-BE54-9A1E7A4F7556}") = "WinForm", "WinForm\WinForm.csproj", "{B7EEF02A-B241-45DF-B918-7529E6461BFF}"
	ProjectSection(ProjectDependencies) = postProject
		{1727E813-E124-430F-9239-E8BA0BA7D0A4} = {1727E813-E124-430F-9239-E8BA0BA7D0A4}
	EndProjectSection
EndProject
Project("{FAE04EC0-301F-11D3-BF4B-00C04F79EFBC}") = "WinFormData", "WinFormData\WinFormData.csproj", "{1727E813-E124-430F-9239-E8BA0BA7D0A4}"
EndProject
Global
	GlobalSection(SolutionConfigurationPlatforms) = preSolution
		Debug|Any CPU = Debug|Any CPU
		Release|Any CPU = Release|Any CPU
	EndGlobalSection
	GlobalSection(ProjectConfigurationPlatforms) = postSolution
		{B7EEF02A-B241-45DF-B918-7529E6461BFF}.Debug|Any CPU.ActiveCfg = Debug|Any CPU
		{B7EEF02A-B241-45DF-B918-7529E6461BFF}.Debug|Any CPU.Build.0 = Debug|Any CPU
		{B7EEF02A-B241-45DF-B918-7529E6461BFF}.Release|Any CPU.ActiveCfg = Release|Any CPU
		{B7EEF02A-B241-45DF-B918-7529E6461BFF}.Release|Any CPU.Build.0 = Release|Any CPU
		{1727E813-E124-430F-9239-E8BA0BA7D0A4}.Debug|Any CPU.ActiveCfg = Debug|Any CPU
		{1727E813-E124-430F-9239-E8BA0BA7D0A4}.Debug|Any CPU.Build.0 = Debug|Any CPU
		{1727E813-E124-430F-9239-E8BA0BA7D0A4}.Release|Any CPU.ActiveCfg = Release|Any CPU
		{1727E813-E124-430F-9239-E8BA0BA7D0A4}.Release|Any CPU.Build.0 = Release|Any CPU
	EndGlobalSection
	GlobalSection(SolutionProperties) = preSolution
		HideSolutionNode = FALSE
	EndGlobalSection
	GlobalSection(ExtensibilityGlobals) = postSolution
		SolutionGuid = {0624D941-208D-4A83-96F6-30708831512E}
	EndGlobalSection
EndGlobal
