
Microsoft Visual Studio Solution File, Format Version 12.00
# Visual Studio Version 17
VisualStudioVersion = 17.9.34728.123
MinimumVisualStudioVersion = 10.0.40219.1
Project("{FAE04EC0-301F-11D3-BF4B-00C04F79EFBC}") = "April25", "April25\April25.csproj", "{CAB98624-A7A9-4FD3-9E73-38347D59B549}"
EndProject
Project("{FAE04EC0-301F-11D3-BF4B-00C04F79EFBC}") = "April25Client", "April25Client\April25Client.csproj", "{C948640E-74AC-44B8-91C6-6F405FC603C3}"
	ProjectSection(ProjectDependencies) = postProject
		{CAB98624-A7A9-4FD3-9E73-38347D59B549} = {CAB98624-A7A9-4FD3-9E73-38347D59B549}
	EndProjectSection
EndProject
Global
	GlobalSection(SolutionConfigurationPlatforms) = preSolution
		Debug|Any CPU = Debug|Any CPU
		Release|Any CPU = Release|Any CPU
	EndGlobalSection
	GlobalSection(ProjectConfigurationPlatforms) = postSolution
		{CAB98624-A7A9-4FD3-9E73-38347D59B549}.Debug|Any CPU.ActiveCfg = Debug|Any CPU
		{CAB98624-A7A9-4FD3-9E73-38347D59B549}.Debug|Any CPU.Build.0 = Debug|Any CPU
		{CAB98624-A7A9-4FD3-9E73-38347D59B549}.Release|Any CPU.ActiveCfg = Release|Any CPU
		{CAB98624-A7A9-4FD3-9E73-38347D59B549}.Release|Any CPU.Build.0 = Release|Any CPU
		{C948640E-74AC-44B8-91C6-6F405FC603C3}.Debug|Any CPU.ActiveCfg = Debug|Any CPU
		{C948640E-74AC-44B8-91C6-6F405FC603C3}.Debug|Any CPU.Build.0 = Debug|Any CPU
		{C948640E-74AC-44B8-91C6-6F405FC603C3}.Release|Any CPU.ActiveCfg = Release|Any CPU
		{C948640E-74AC-44B8-91C6-6F405FC603C3}.Release|Any CPU.Build.0 = Release|Any CPU
	EndGlobalSection
	GlobalSection(SolutionProperties) = preSolution
		HideSolutionNode = FALSE
	EndGlobalSection
	GlobalSection(ExtensibilityGlobals) = postSolution
		SolutionGuid = {0806E5DA-10BA-4955-8FC5-090628BDDE36}
	EndGlobalSection
EndGlobal
